
Microsoft Visual Studio Solution File, Format Version 12.00
# Visual Studio Version 16
VisualStudioVersion = 16.0.31613.86
MinimumVisualStudioVersion = 10.0.40219.1
Project("{FAE04EC0-301F-11D3-BF4B-00C04F79EFBC}") = "CSBasic6", "CSBasic6\CSBasic6.csproj", "{9751581E-D035-40AE-A5B6-3BADC90BD382}"
EndProject
Global
	GlobalSection(SolutionConfigurationPlatforms) = preSolution
		Debug|Any CPU = Debug|Any CPU
		Release|Any CPU = Release|Any CPU
	EndGlobalSection
	GlobalSection(ProjectConfigurationPlatforms) = postSolution
		{9751581E-D035-40AE-A5B6-3BADC90BD382}.Debug|Any CPU.ActiveCfg = Debug|Any CPU
		{9751581E-D035-40AE-A5B6-3BADC90BD382}.Debug|Any CPU.Build.0 = Debug|Any CPU
		{9751581E-D035-40AE-A5B6-3BADC90BD382}.Release|Any CPU.ActiveCfg = Release|Any CPU
		{9751581E-D035-40AE-A5B6-3BADC90BD382}.Release|Any CPU.Build.0 = Release|Any CPU
	EndGlobalSection
	GlobalSection(SolutionProperties) = preSolution
		HideSolutionNode = FALSE
	EndGlobalSection
	GlobalSection(ExtensibilityGlobals) = postSolution
		SolutionGuid = {28A5BEE0-5348-42ED-B254-E10B87F63C1F}
	EndGlobalSection
EndGlobal
