
Microsoft Visual Studio Solution File, Format Version 12.00
# Visual Studio Version 16
VisualStudioVersion = 16.0.31205.134
MinimumVisualStudioVersion = 10.0.40219.1
Project("{FAE04EC0-301F-11D3-BF4B-00C04F79EFBC}") = "CSBasic3", "CSBasic3\CSBasic3.csproj", "{30BF3D14-B6C6-414D-85A0-51A629A329F4}"
EndProject
Global
	GlobalSection(SolutionConfigurationPlatforms) = preSolution
		Debug|Any CPU = Debug|Any CPU
		Release|Any CPU = Release|Any CPU
	EndGlobalSection
	GlobalSection(ProjectConfigurationPlatforms) = postSolution
		{30BF3D14-B6C6-414D-85A0-51A629A329F4}.Debug|Any CPU.ActiveCfg = Debug|Any CPU
		{30BF3D14-B6C6-414D-85A0-51A629A329F4}.Debug|Any CPU.Build.0 = Debug|Any CPU
		{30BF3D14-B6C6-414D-85A0-51A629A329F4}.Release|Any CPU.ActiveCfg = Release|Any CPU
		{30BF3D14-B6C6-414D-85A0-51A629A329F4}.Release|Any CPU.Build.0 = Release|Any CPU
	EndGlobalSection
	GlobalSection(SolutionProperties) = preSolution
		HideSolutionNode = FALSE
	EndGlobalSection
	GlobalSection(ExtensibilityGlobals) = postSolution
		SolutionGuid = {9EE4AEB2-D5B9-467B-BD64-94F57C904A45}
	EndGlobalSection
EndGlobal
