
Microsoft Visual Studio Solution File, Format Version 12.00
# Visual Studio Version 16
VisualStudioVersion = 16.0.31025.194
MinimumVisualStudioVersion = 10.0.40219.1
Project("{FAE04EC0-301F-11D3-BF4B-00C04F79EFBC}") = "CSBasic32", "CSBasic32\CSBasic32.csproj", "{22677464-C2CA-4585-AAC9-9DE73BD592BA}"
EndProject
Global
	GlobalSection(SolutionConfigurationPlatforms) = preSolution
		Debug|Any CPU = Debug|Any CPU
		Release|Any CPU = Release|Any CPU
	EndGlobalSection
	GlobalSection(ProjectConfigurationPlatforms) = postSolution
		{22677464-C2CA-4585-AAC9-9DE73BD592BA}.Debug|Any CPU.ActiveCfg = Debug|Any CPU
		{22677464-C2CA-4585-AAC9-9DE73BD592BA}.Debug|Any CPU.Build.0 = Debug|Any CPU
		{22677464-C2CA-4585-AAC9-9DE73BD592BA}.Release|Any CPU.ActiveCfg = Release|Any CPU
		{22677464-C2CA-4585-AAC9-9DE73BD592BA}.Release|Any CPU.Build.0 = Release|Any CPU
	EndGlobalSection
	GlobalSection(SolutionProperties) = preSolution
		HideSolutionNode = FALSE
	EndGlobalSection
	GlobalSection(ExtensibilityGlobals) = postSolution
		SolutionGuid = {6866EE51-4D17-4ECC-B426-F08FB3A9558A}
	EndGlobalSection
EndGlobal
